
Microsoft Visual Studio Solution File, Format Version 12.00
# Visual Studio 15
VisualStudioVersion = 15.0.28307.902
MinimumVisualStudioVersion = 10.0.40219.1
Project("{FAE04EC0-301F-11D3-BF4B-00C04F79EFBC}") = "TV Show ReNamer", "TV Show ReNamer\TV Show ReNamer.csproj", "{F23962A1-EC1E-472F-B918-55545B89EB83}"
EndProject
Project("{54435603-DBB4-11D2-8724-00A0C9A8B90C}") = "YourFlix TV Show ReNamer", "YourFlix TV Show ReNamer\YourFlix TV Show ReNamer.vdproj", "{4E755158-FADA-4303-9AA0-94BFC1785EFD}"
EndProject
Global
	GlobalSection(SolutionConfigurationPlatforms) = preSolution
		Debug|Any CPU = Debug|Any CPU
		Release|Any CPU = Release|Any CPU
	EndGlobalSection
	GlobalSection(ProjectConfigurationPlatforms) = postSolution
		{F23962A1-EC1E-472F-B918-55545B89EB83}.Debug|Any CPU.ActiveCfg = Debug|Any CPU
		{F23962A1-EC1E-472F-B918-55545B89EB83}.Debug|Any CPU.Build.0 = Debug|Any CPU
		{F23962A1-EC1E-472F-B918-55545B89EB83}.Release|Any CPU.ActiveCfg = Release|Any CPU
		{F23962A1-EC1E-472F-B918-55545B89EB83}.Release|Any CPU.Build.0 = Release|Any CPU
		{4E755158-FADA-4303-9AA0-94BFC1785EFD}.Debug|Any CPU.ActiveCfg = Debug
		{4E755158-FADA-4303-9AA0-94BFC1785EFD}.Release|Any CPU.ActiveCfg = Release
	EndGlobalSection
	GlobalSection(SolutionProperties) = preSolution
		HideSolutionNode = FALSE
	EndGlobalSection
	GlobalSection(ExtensibilityGlobals) = postSolution
		SolutionGuid = {A99098CD-8ACC-40A1-A112-8AC37ECA5F4A}
	EndGlobalSection
EndGlobal
